# This file is automatically @generated by Cargo.
# It is not intended for manual editing.
version = 4

[[package]]
name = "askama_escape"
version = "0.16.1"
source = "registry+https://github.com/rust-lang/crates.io-index"
checksum = "486cd3b601502d98cf3f9ed982af097bd03e3fd1be074606fb67583224b056ce"

[[package]]
name = "htmlb"
version = "0.1.0"
dependencies = [
 "askama_escape",
]

[[package]]
name = "htmlb_components"
version = "0.1.0"
dependencies = [
 "htmlb",
]

[[package]]
name = "htmlb_components_theme"
version = "0.1.0"
dependencies = [
 "htmlb",
 "htmlb_components",
]
